PODS:
  - GoogleMaps (1.13.2)
  - Networking (1.1.0)
  - ReactiveKit (2.0.3)
  - ReactiveUIKit (2.0.1):
    - ReactiveKit (~> 2.0)

DEPENDENCIES:
  - GoogleMaps
  - Networking
  - ReactiveKit (~> 2.0)
  - ReactiveUIKit (~> 2.0)

SPEC CHECKSUMS:
  GoogleMaps: b20a103ff307f58392e603cf142e59d7e30374c1
  Networking: 20a1714d673bc077aad2bd2d539007ea6087662f
  ReactiveKit: 1e0b34f266e382b4b9957b5726243f9b8c8c703a
  ReactiveUIKit: af6e401a61d196502267ff216b7ac6f4c37c0dc5

PODFILE CHECKSUM: 291f469e3f1bead04b40029a3f67209f22cb514a

COCOAPODS: 1.0.1
